{
  "lockfileVersion": 1,
  "configVersion": 1,
  "workspaces": {
    "": {
      "name": "explodex",
      "dependencies": {
        "dockview": "^7.0.2",
      },
    },
  },
  "packages": {
    "dockview": ["dockview@7.0.2", "", { "dependencies": { "dockview-core": "^7.0.2" } }, "sha512-QhgbJ7RTFsWvrs1lQZKPGCLTGjKU7kI5ZWX5lwU03arM9lIoQlbfv1b/uQ7V5zTkRw7JDndEqjKMgEFw2I8Kow=="],

    "dockview-core": ["dockview-core@7.0.2", "", {}, "sha512-i666ndkUdT4U+Bo2Yu3d6KwCJNqe21VJ0oschdgcXucZ5TquzBFX94zcUBEfg4IewTv2BuiPJ7r/2JTGLLv6ig=="],
  }
}
